// !$*UTF8*$!
{
	archiveVersion = 1;
	classes = {
	};
	objectVersion = 50;
	objects = {

/* Begin PBXBuildFile section */
		3D6AD69156F699F287A5BDF0 /* Pods_HRTests.framework in Frameworks */ = {isa = PBXBuildFile; fileRef = B2FA672914EB1F1EB67061A8 /* Pods_HRTests.framework */; };
		580DDD95011251E12CB244B2 /* Pods_HRUITests.framework in Frameworks */ = {isa = PBXBuildFile; fileRef = 744EFC7C3761FE80B47E1ECD /* Pods_HRUITests.framework */; };
		915F66C50271D25FA6FF709C /* Pods_HR.framework in Frameworks */ = {isa = PBXBuildFile; fileRef = F57FB44C4596299E105700CB /* Pods_HR.framework */; };
		E8410B2621C65F9B00849FDD /* HRServerPushManage.swift in Sources */ = {isa = PBXBuildFile; fileRef = E8410B2521C65F9B00849FDD /* HRServerPushManage.swift */; };
		E8410B6C21CD251B00849FDD /* UserNotifications.framework in Frameworks */ = {isa = PBXBuildFile; fileRef = E8410B6B21CD251B00849FDD /* UserNotifications.framework */; };
		E8410B6F21CD4C7200849FDD /* UserNotificationsUI.framework in Frameworks */ = {isa = PBXBuildFile; fileRef = E8410B6E21CD4C7100849FDD /* UserNotificationsUI.framework */; };
		E8410B7121CD4DF300849FDD /* HRServerPushModels.swift in Sources */ = {isa = PBXBuildFile; fileRef = E8410B7021CD4DF300849FDD /* HRServerPushModels.swift */; };
		E8410B7321CD4EB900849FDD /* HRServerPushActions.swift in Sources */ = {isa = PBXBuildFile; fileRef = E8410B7221CD4EB900849FDD /* HRServerPushActions.swift */; };
		E8410B7C21CD4F5B00849FDD /* NotificationService.m in Sources */ = {isa = PBXBuildFile; fileRef = E8410B7B21CD4F5B00849FDD /* NotificationService.m */; };
		E8410B8021CD4F5B00849FDD /* HRPushServer.appex in Embed App Extensions */ = {isa = PBXBuildFile; fileRef = E8410B7821CD4F5B00849FDD /* HRPushServer.appex */; settings = {ATTRIBUTES = (RemoveHeadersOnCopy, ); }; };
		E8410B8A21CD4F9000849FDD /* UserNotifications.framework in Frameworks */ = {isa = PBXBuildFile; fileRef = E8410B6B21CD251B00849FDD /* UserNotifications.framework */; };
		E8410B8B21CD4F9000849FDD /* UserNotificationsUI.framework in Frameworks */ = {isa = PBXBuildFile; fileRef = E8410B6E21CD4C7100849FDD /* UserNotificationsUI.framework */; };
		E8410B8F21CD4F9000849FDD /* NotificationViewController.m in Sources */ = {isa = PBXBuildFile; fileRef = E8410B8E21CD4F9000849FDD /* NotificationViewController.m */; };
		E8410B9221CD4F9000849FDD /* MainInterface.storyboard in Resources */ = {isa = PBXBuildFile; fileRef = E8410B9021CD4F9000849FDD /* MainInterface.storyboard */; };
		E8410B9621CD4F9000849FDD /* HRPushContent.appex in Embed App Extensions */ = {isa = PBXBuildFile; fileRef = E8410B8921CD4F9000849FDD /* HRPushContent.appex */; settings = {ATTRIBUTES = (RemoveHeadersOnCopy, ); }; };
		E8424B8A21CE97670022FF07 /* HRMainViewController.swift in Sources */ = {isa = PBXBuildFile; fileRef = E8424B8921CE97670022FF07 /* HRMainViewController.swift */; };
		E843AB7E21B4FAAE00581767 /* StudentDetail.swift in Sources */ = {isa = PBXBuildFile; fileRef = E843AB7D21B4FAAE00581767 /* StudentDetail.swift */; };
		E843AB8121B501A100581767 /* Subjects.swift in Sources */ = {isa = PBXBuildFile; fileRef = E843AB8021B501A100581767 /* Subjects.swift */; };
		E843AB8421B50C5800581767 /* Extension.swift in Sources */ = {isa = PBXBuildFile; fileRef = E843AB8321B50C5800581767 /* Extension.swift */; };
		E847617921AFFDD80055E10C /* AppDelegate.swift in Sources */ = {isa = PBXBuildFile; fileRef = E847617821AFFDD80055E10C /* AppDelegate.swift */; };
		E847617B21AFFDD80055E10C /* ViewController.swift in Sources */ = {isa = PBXBuildFile; fileRef = E847617A21AFFDD80055E10C /* ViewController.swift */; };
		E847617E21AFFDD80055E10C /* Main.storyboard in Resources */ = {isa = PBXBuildFile; fileRef = E847617C21AFFDD80055E10C /* Main.storyboard */; };
		E847618121AFFDD80055E10C /* HR.xcdatamodeld in Sources */ = {isa = PBXBuildFile; fileRef = E847617F21AFFDD80055E10C /* HR.xcdatamodeld */; };
		E847618321AFFDDC0055E10C /* Assets.xcassets in Resources */ = {isa = PBXBuildFile; fileRef = E847618221AFFDDC0055E10C /* Assets.xcassets */; };
		E847618621AFFDDC0055E10C /* LaunchScreen.storyboard in Resources */ = {isa = PBXBuildFile; fileRef = E847618421AFFDDC0055E10C /* LaunchScreen.storyboard */; };
		E847619121AFFDDC0055E10C /* HRTests.swift in Sources */ = {isa = PBXBuildFile; fileRef = E847619021AFFDDC0055E10C /* HRTests.swift */; };
		E847619C21AFFDDC0055E10C /* HRUITests.swift in Sources */ = {isa = PBXBuildFile; fileRef = E847619B21AFFDDC0055E10C /* HRUITests.swift */; };
/* End PBXBuildFile section */

/* Begin PBXContainerItemProxy section */
		E8410B7E21CD4F5B00849FDD /* PBXContainerItemProxy */ = {
			isa = PBXContainerItemProxy;
			containerPortal = E847616D21AFFDD80055E10C /* Project object */;
			proxyType = 1;
			remoteGlobalIDString = E8410B7721CD4F5B00849FDD;
			remoteInfo = HRPushServer;
		};
		E8410B9421CD4F9000849FDD /* PBXContainerItemProxy */ = {
			isa = PBXContainerItemProxy;
			containerPortal = E847616D21AFFDD80055E10C /* Project object */;
			proxyType = 1;
			remoteGlobalIDString = E8410B8821CD4F9000849FDD;
			remoteInfo = HRPushContent;
		};
		E847618D21AFFDDC0055E10C /* PBXContainerItemProxy */ = {
			isa = PBXContainerItemProxy;
			containerPortal = E847616D21AFFDD80055E10C /* Project object */;
			proxyType = 1;
			remoteGlobalIDString = E847617421AFFDD80055E10C;
			remoteInfo = HR;
		};
		E847619821AFFDDC0055E10C /* PBXContainerItemProxy */ = {
			isa = PBXContainerItemProxy;
			containerPortal = E847616D21AFFDD80055E10C /* Project object */;
			proxyType = 1;
			remoteGlobalIDString = E847617421AFFDD80055E10C;
			remoteInfo = HR;
		};
/* End PBXContainerItemProxy section */

/* Begin PBXCopyFilesBuildPhase section */
		E8410B8421CD4F5B00849FDD /* Embed App Extensions */ = {
			isa = PBXCopyFilesBuildPhase;
			buildActionMask = 2147483647;
			dstPath = "";
			dstSubfolderSpec = 13;
			files = (
				E8410B9621CD4F9000849FDD /* HRPushContent.appex in Embed App Extensions */,
				E8410B8021CD4F5B00849FDD /* HRPushServer.appex in Embed App Extensions */,
			);
			name = "Embed App Extensions";
			runOnlyForDeploymentPostprocessing = 0;
		};
/* End PBXCopyFilesBuildPhase section */

/* Begin PBXFileReference section */
		0D98DAF08ECB923BCE7D5536 /* Pods-HRUITests.release.xcconfig */ = {isa = PBXFileReference; includeInIndex = 1; lastKnownFileType = text.xcconfig; name = "Pods-HRUITests.release.xcconfig"; path = "Pods/Target Support Files/Pods-HRUITests/Pods-HRUITests.release.xcconfig"; sourceTree = "<group>"; };
		34C6B66B9820CE09A55BD3CC /* Pods-HRTests.release.xcconfig */ = {isa = PBXFileReference; includeInIndex = 1; lastKnownFileType = text.xcconfig; name = "Pods-HRTests.release.xcconfig"; path = "Pods/Target Support Files/Pods-HRTests/Pods-HRTests.release.xcconfig"; sourceTree = "<group>"; };
		72AEF10CC9A06EA385C897E5 /* Pods-HRUITests.debug.xcconfig */ = {isa = PBXFileReference; includeInIndex = 1; lastKnownFileType = text.xcconfig; name = "Pods-HRUITests.debug.xcconfig"; path = "Pods/Target Support Files/Pods-HRUITests/Pods-HRUITests.debug.xcconfig"; sourceTree = "<group>"; };
		744EFC7C3761FE80B47E1ECD /* Pods_HRUITests.framework */ = {isa = PBXFileReference; explicitFileType = wrapper.framework; includeInIndex = 0; path = Pods_HRUITests.framework; sourceTree = BUILT_PRODUCTS_DIR; };
		B2FA672914EB1F1EB67061A8 /* Pods_HRTests.framework */ = {isa = PBXFileReference; explicitFileType = wrapper.framework; includeInIndex = 0; path = Pods_HRTests.framework; sourceTree = BUILT_PRODUCTS_DIR; };
		CBA91BC19264CAE4FA31C533 /* Pods-HR.release.xcconfig */ = {isa = PBXFileReference; includeInIndex = 1; lastKnownFileType = text.xcconfig; name = "Pods-HR.release.xcconfig"; path = "Pods/Target Support Files/Pods-HR/Pods-HR.release.xcconfig"; sourceTree = "<group>"; };
		CE03C1161BBCDF96FD766626 /* Pods-HRTests.debug.xcconfig */ = {isa = PBXFileReference; includeInIndex = 1; lastKnownFileType = text.xcconfig; name = "Pods-HRTests.debug.xcconfig"; path = "Pods/Target Support Files/Pods-HRTests/Pods-HRTests.debug.xcconfig"; sourceTree = "<group>"; };
		E82350B59251A0A0C3B365AC /* Pods-HR.debug.xcconfig */ = {isa = PBXFileReference; includeInIndex = 1; lastKnownFileType = text.xcconfig; name = "Pods-HR.debug.xcconfig"; path = "Pods/Target Support Files/Pods-HR/Pods-HR.debug.xcconfig"; sourceTree = "<group>"; };
		E8410B2521C65F9B00849FDD /* HRServerPushManage.swift */ = {isa = PBXFileReference; fileEncoding = 4; lastKnownFileType = sourcecode.swift; path = HRServerPushManage.swift; sourceTree = "<group>"; };
		E8410B6A21CD17E900849FDD /* README.md */ = {isa = PBXFileReference; lastKnownFileType = net.daringfireball.markdown; path = README.md; sourceTree = "<group>"; };
		E8410B6B21CD251B00849FDD /* UserNotifications.framework */ = {isa = PBXFileReference; lastKnownFileType = wrapper.framework; name = UserNotifications.framework; path = System/Library/Frameworks/UserNotifications.framework; sourceTree = SDKROOT; };
		E8410B6D21CD2CF100849FDD /* Config.h */ = {isa = PBXFileReference; lastKnownFileType = sourcecode.c.h; path = Config.h; sourceTree = "<group>"; };
		E8410B6E21CD4C7100849FDD /* UserNotificationsUI.framework */ = {isa = PBXFileReference; lastKnownFileType = wrapper.framework; name = UserNotificationsUI.framework; path = System/Library/Frameworks/UserNotificationsUI.framework; sourceTree = SDKROOT; };
		E8410B7021CD4DF300849FDD /* HRServerPushModels.swift */ = {isa = PBXFileReference; lastKnownFileType = sourcecode.swift; path = HRServerPushModels.swift; sourceTree = "<group>"; };
		E8410B7221CD4EB900849FDD /* HRServerPushActions.swift */ = {isa = PBXFileReference; lastKnownFileType = sourcecode.swift; path = HRServerPushActions.swift; sourceTree = "<group>"; };
		E8410B7821CD4F5B00849FDD /* HRPushServer.appex */ = {isa = PBXFileReference; explicitFileType = "wrapper.app-extension"; includeInIndex = 0; path = HRPushServer.appex; sourceTree = BUILT_PRODUCTS_DIR; };
		E8410B7A21CD4F5B00849FDD /* NotificationService.h */ = {isa = PBXFileReference; lastKnownFileType = sourcecode.c.h; path = NotificationService.h; sourceTree = "<group>"; };
		E8410B7B21CD4F5B00849FDD /* NotificationService.m */ = {isa = PBXFileReference; lastKnownFileType = sourcecode.c.objc; path = NotificationService.m; sourceTree = "<group>"; };
		E8410B7D21CD4F5B00849FDD /* Info.plist */ = {isa = PBXFileReference; lastKnownFileType = text.plist.xml; path = Info.plist; sourceTree = "<group>"; };
		E8410B8921CD4F9000849FDD /* HRPushContent.appex */ = {isa = PBXFileReference; explicitFileType = "wrapper.app-extension"; includeInIndex = 0; path = HRPushContent.appex; sourceTree = BUILT_PRODUCTS_DIR; };
		E8410B8D21CD4F9000849FDD /* NotificationViewController.h */ = {isa = PBXFileReference; lastKnownFileType = sourcecode.c.h; path = NotificationViewController.h; sourceTree = "<group>"; };
		E8410B8E21CD4F9000849FDD /* NotificationViewController.m */ = {isa = PBXFileReference; lastKnownFileType = sourcecode.c.objc; path = NotificationViewController.m; sourceTree = "<group>"; };
		E8410B9121CD4F9000849FDD /* Base */ = {isa = PBXFileReference; lastKnownFileType = file.storyboard; name = Base; path = Base.lproj/MainInterface.storyboard; sourceTree = "<group>"; };
		E8410B9321CD4F9000849FDD /* Info.plist */ = {isa = PBXFileReference; lastKnownFileType = text.plist.xml; path = Info.plist; sourceTree = "<group>"; };
		E841F34721BF993000849FDD /* README.md */ = {isa = PBXFileReference; lastKnownFileType = net.daringfireball.markdown; path = README.md; sourceTree = "<group>"; };
		E8424B8721CE290B0022FF07 /* HR.entitlements */ = {isa = PBXFileReference; lastKnownFileType = text.plist.entitlements; path = HR.entitlements; sourceTree = "<group>"; };
		E8424B8921CE97670022FF07 /* HRMainViewController.swift */ = {isa = PBXFileReference; lastKnownFileType = sourcecode.swift; path = HRMainViewController.swift; sourceTree = "<group>"; };
		E843AB7D21B4FAAE00581767 /* StudentDetail.swift */ = {isa = PBXFileReference; lastKnownFileType = sourcecode.swift; path = StudentDetail.swift; sourceTree = "<group>"; };
		E843AB8021B501A100581767 /* Subjects.swift */ = {isa = PBXFileReference; lastKnownFileType = sourcecode.swift; path = Subjects.swift; sourceTree = "<group>"; };
		E843AB8321B50C5800581767 /* Extension.swift */ = {isa = PBXFileReference; lastKnownFileType = sourcecode.swift; path = Extension.swift; sourceTree = "<group>"; };
		E847617521AFFDD80055E10C /* HR.app */ = {isa = PBXFileReference; explicitFileType = wrapper.application; includeInIndex = 0; path = HR.app; sourceTree = BUILT_PRODUCTS_DIR; };
		E847617821AFFDD80055E10C /* AppDelegate.swift */ = {isa = PBXFileReference; lastKnownFileType = sourcecode.swift; path = AppDelegate.swift; sourceTree = "<group>"; };
		E847617A21AFFDD80055E10C /* ViewController.swift */ = {isa = PBXFileReference; lastKnownFileType = sourcecode.swift; path = ViewController.swift; sourceTree = "<group>"; };
		E847617D21AFFDD80055E10C /* Base */ = {isa = PBXFileReference; lastKnownFileType = file.storyboard; name = Base; path = Base.lproj/Main.storyboard; sourceTree = "<group>"; };
		E847618021AFFDD80055E10C /* HR.xcdatamodel */ = {isa = PBXFileReference; lastKnownFileType = wrapper.xcdatamodel; path = HR.xcdatamodel; sourceTree = "<group>"; };
		E847618221AFFDDC0055E10C /* Assets.xcassets */ = {isa = PBXFileReference; lastKnownFileType = folder.assetcatalog; path = Assets.xcassets; sourceTree = "<group>"; };
		E847618521AFFDDC0055E10C /* Base */ = {isa = PBXFileReference; lastKnownFileType = file.storyboard; name = Base; path = Base.lproj/LaunchScreen.storyboard; sourceTree = "<group>"; };
		E847618721AFFDDC0055E10C /* Info.plist */ = {isa = PBXFileReference; lastKnownFileType = text.plist.xml; path = Info.plist; sourceTree = "<group>"; };
		E847618C21AFFDDC0055E10C /* HRTests.xctest */ = {isa = PBXFileReference; explicitFileType = wrapper.cfbundle; includeInIndex = 0; path = HRTests.xctest; sourceTree = BUILT_PRODUCTS_DIR; };
		E847619021AFFDDC0055E10C /* HRTests.swift */ = {isa = PBXFileReference; lastKnownFileType = sourcecode.swift; path = HRTests.swift; sourceTree = "<group>"; };
		E847619221AFFDDC0055E10C /* Info.plist */ = {isa = PBXFileReference; lastKnownFileType = text.plist.xml; path = Info.plist; sourceTree = "<group>"; };
		E847619721AFFDDC0055E10C /* HRUITests.xctest */ = {isa = PBXFileReference; explicitFileType = wrapper.cfbundle; includeInIndex = 0; path = HRUITests.xctest; sourceTree = BUILT_PRODUCTS_DIR; };
		E847619B21AFFDDC0055E10C /* HRUITests.swift */ = {isa = PBXFileReference; lastKnownFileType = sourcecode.swift; path = HRUITests.swift; sourceTree = "<group>"; };
		E847619D21AFFDDC0055E10C /* Info.plist */ = {isa = PBXFileReference; lastKnownFileType = text.plist.xml; path = Info.plist; sourceTree = "<group>"; };
		F57FB44C4596299E105700CB /* Pods_HR.framework */ = {isa = PBXFileReference; explicitFileType = wrapper.framework; includeInIndex = 0; path = Pods_HR.framework; sourceTree = BUILT_PRODUCTS_DIR; };
/* End PBXFileReference section */

/* Begin PBXFrameworksBuildPhase section */
		E8410B7521CD4F5B00849FDD /* Frameworks */ = {
			isa = PBXFrameworksBuildPhase;
			buildActionMask = 2147483647;
			files = (
			);
			runOnlyForDeploymentPostprocessing = 0;
		};
		E8410B8621CD4F9000849FDD /* Frameworks */ = {
			isa = PBXFrameworksBuildPhase;
			buildActionMask = 2147483647;
			files = (
				E8410B8B21CD4F9000849FDD /* UserNotificationsUI.framework in Frameworks */,
				E8410B8A21CD4F9000849FDD /* UserNotifications.framework in Frameworks */,
			);
			runOnlyForDeploymentPostprocessing = 0;
		};
		E847617221AFFDD80055E10C /* Frameworks */ = {
			isa = PBXFrameworksBuildPhase;
			buildActionMask = 2147483647;
			files = (
				E8410B6F21CD4C7200849FDD /* UserNotificationsUI.framework in Frameworks */,
				E8410B6C21CD251B00849FDD /* UserNotifications.framework in Frameworks */,
				915F66C50271D25FA6FF709C /* Pods_HR.framework in Frameworks */,
			);
			runOnlyForDeploymentPostprocessing = 0;
		};
		E847618921AFFDDC0055E10C /* Frameworks */ = {
			isa = PBXFrameworksBuildPhase;
			buildActionMask = 2147483647;
			files = (
				3D6AD69156F699F287A5BDF0 /* Pods_HRTests.framework in Frameworks */,
			);
			runOnlyForDeploymentPostprocessing = 0;
		};
		E847619421AFFDDC0055E10C /* Frameworks */ = {
			isa = PBXFrameworksBuildPhase;
			buildActionMask = 2147483647;
			files = (
				580DDD95011251E12CB244B2 /* Pods_HRUITests.framework in Frameworks */,
			);
			runOnlyForDeploymentPostprocessing = 0;
		};
/* End PBXFrameworksBuildPhase section */

/* Begin PBXGroup section */
		3576977FDEA9470CCA1B91B1 /* Frameworks */ = {
			isa = PBXGroup;
			children = (
				E8410B6E21CD4C7100849FDD /* UserNotificationsUI.framework */,
				E8410B6B21CD251B00849FDD /* UserNotifications.framework */,
				F57FB44C4596299E105700CB /* Pods_HR.framework */,
				B2FA672914EB1F1EB67061A8 /* Pods_HRTests.framework */,
				744EFC7C3761FE80B47E1ECD /* Pods_HRUITests.framework */,
			);
			name = Frameworks;
			sourceTree = "<group>";
		};
		E8410B7921CD4F5B00849FDD /* HRPushServer */ = {
			isa = PBXGroup;
			children = (
				E8410B7A21CD4F5B00849FDD /* NotificationService.h */,
				E8410B7B21CD4F5B00849FDD /* NotificationService.m */,
				E8410B7D21CD4F5B00849FDD /* Info.plist */,
			);
			path = HRPushServer;
			sourceTree = "<group>";
		};
		E8410B8C21CD4F9000849FDD /* HRPushContent */ = {
			isa = PBXGroup;
			children = (
				E8410B8D21CD4F9000849FDD /* NotificationViewController.h */,
				E8410B8E21CD4F9000849FDD /* NotificationViewController.m */,
				E8410B9021CD4F9000849FDD /* MainInterface.storyboard */,
				E8410B9321CD4F9000849FDD /* Info.plist */,
			);
			path = HRPushContent;
			sourceTree = "<group>";
		};
		E8410B9A21CD50C500849FDD /* FileManage */ = {
			isa = PBXGroup;
			children = (
			);
			path = FileManage;
			sourceTree = "<group>";
		};
		E841F34321BF980F00849FDD /* 推送通知 */ = {
			isa = PBXGroup;
			children = (
				E8410B2521C65F9B00849FDD /* HRServerPushManage.swift */,
				E8410B7021CD4DF300849FDD /* HRServerPushModels.swift */,
				E8410B7221CD4EB900849FDD /* HRServerPushActions.swift */,
			);
			path = "推送通知";
			sourceTree = "<group>";
		};
		E841F34421BF982E00849FDD /* 基础知识 */ = {
			isa = PBXGroup;
			children = (
				E843AB8221B50C4900581767 /* 扩展 */,
				E843AB7F21B5017800581767 /* 类型转换 */,
				E843AB7C21B4FA7400581767 /* 继承 */,
				E8410B6A21CD17E900849FDD /* README.md */,
			);
			path = "基础知识";
			sourceTree = "<group>";
		};
		E841F34521BF984000849FDD /* 知识进阶 */ = {
			isa = PBXGroup;
			children = (
				E841F34321BF980F00849FDD /* 推送通知 */,
				E841F34721BF993000849FDD /* README.md */,
			);
			path = "知识进阶";
			sourceTree = "<group>";
		};
		E841F34621BF989100849FDD /* 实战经验 */ = {
			isa = PBXGroup;
			children = (
				E8424B8821CE973A0022FF07 /* TabbarViewController */,
				E8410B9A21CD50C500849FDD /* FileManage */,
				E8410B6D21CD2CF100849FDD /* Config.h */,
			);
			path = "实战经验";
			sourceTree = "<group>";
		};
		E8424B8821CE973A0022FF07 /* TabbarViewController */ = {
			isa = PBXGroup;
			children = (
				E8424B8921CE97670022FF07 /* HRMainViewController.swift */,
			);
			path = TabbarViewController;
			sourceTree = "<group>";
		};
		E843AB7C21B4FA7400581767 /* 继承 */ = {
			isa = PBXGroup;
			children = (
				E843AB7D21B4FAAE00581767 /* StudentDetail.swift */,
			);
			path = "继承";
			sourceTree = "<group>";
		};
		E843AB7F21B5017800581767 /* 类型转换 */ = {
			isa = PBXGroup;
			children = (
				E843AB8021B501A100581767 /* Subjects.swift */,
			);
			path = "类型转换";
			sourceTree = "<group>";
		};
		E843AB8221B50C4900581767 /* 扩展 */ = {
			isa = PBXGroup;
			children = (
				E843AB8321B50C5800581767 /* Extension.swift */,
			);
			path = "扩展";
			sourceTree = "<group>";
		};
		E847616C21AFFDD80055E10C = {
			isa = PBXGroup;
			children = (
				E847617721AFFDD80055E10C /* HR */,
				E847618F21AFFDDC0055E10C /* HRTests */,
				E847619A21AFFDDC0055E10C /* HRUITests */,
				E8410B7921CD4F5B00849FDD /* HRPushServer */,
				E8410B8C21CD4F9000849FDD /* HRPushContent */,
				E847617621AFFDD80055E10C /* Products */,
				FE0CD2652E6A63E45ED22085 /* Pods */,
				3576977FDEA9470CCA1B91B1 /* Frameworks */,
			);
			sourceTree = "<group>";
		};
		E847617621AFFDD80055E10C /* Products */ = {
			isa = PBXGroup;
			children = (
				E847617521AFFDD80055E10C /* HR.app */,
				E847618C21AFFDDC0055E10C /* HRTests.xctest */,
				E847619721AFFDDC0055E10C /* HRUITests.xctest */,
				E8410B7821CD4F5B00849FDD /* HRPushServer.appex */,
				E8410B8921CD4F9000849FDD /* HRPushContent.appex */,
			);
			name = Products;
			sourceTree = "<group>";
		};
		E847617721AFFDD80055E10C /* HR */ = {
			isa = PBXGroup;
			children = (
				E8424B8721CE290B0022FF07 /* HR.entitlements */,
				E841F34421BF982E00849FDD /* 基础知识 */,
				E841F34521BF984000849FDD /* 知识进阶 */,
				E841F34621BF989100849FDD /* 实战经验 */,
				E847617821AFFDD80055E10C /* AppDelegate.swift */,
				E847617A21AFFDD80055E10C /* ViewController.swift */,
				E847617C21AFFDD80055E10C /* Main.storyboard */,
				E847618221AFFDDC0055E10C /* Assets.xcassets */,
				E847618421AFFDDC0055E10C /* LaunchScreen.storyboard */,
				E847618721AFFDDC0055E10C /* Info.plist */,
				E847617F21AFFDD80055E10C /* HR.xcdatamodeld */,
			);
			path = HR;
			sourceTree = "<group>";
		};
		E847618F21AFFDDC0055E10C /* HRTests */ = {
			isa = PBXGroup;
			children = (
				E847619021AFFDDC0055E10C /* HRTests.swift */,
				E847619221AFFDDC0055E10C /* Info.plist */,
			);
			path = HRTests;
			sourceTree = "<group>";
		};
		E847619A21AFFDDC0055E10C /* HRUITests */ = {
			isa = PBXGroup;
			children = (
				E847619B21AFFDDC0055E10C /* HRUITests.swift */,
				E847619D21AFFDDC0055E10C /* Info.plist */,
			);
			path = HRUITests;
			sourceTree = "<group>";
		};
		FE0CD2652E6A63E45ED22085 /* Pods */ = {
			isa = PBXGroup;
			children = (
				E82350B59251A0A0C3B365AC /* Pods-HR.debug.xcconfig */,
				CBA91BC19264CAE4FA31C533 /* Pods-HR.release.xcconfig */,
				CE03C1161BBCDF96FD766626 /* Pods-HRTests.debug.xcconfig */,
				34C6B66B9820CE09A55BD3CC /* Pods-HRTests.release.xcconfig */,
				72AEF10CC9A06EA385C897E5 /* Pods-HRUITests.debug.xcconfig */,
				0D98DAF08ECB923BCE7D5536 /* Pods-HRUITests.release.xcconfig */,
			);
			name = Pods;
			sourceTree = "<group>";
		};
/* End PBXGroup section */

/* Begin PBXNativeTarget section */
		E8410B7721CD4F5B00849FDD /* HRPushServer */ = {
			isa = PBXNativeTarget;
			buildConfigurationList = E8410B8121CD4F5B00849FDD /* Build configuration list for PBXNativeTarget "HRPushServer" */;
			buildPhases = (
				E8410B7421CD4F5B00849FDD /* Sources */,
				E8410B7521CD4F5B00849FDD /* Frameworks */,
				E8410B7621CD4F5B00849FDD /* Resources */,
			);
			buildRules = (
			);
			dependencies = (
			);
			name = HRPushServer;
			productName = HRPushServer;
			productReference = E8410B7821CD4F5B00849FDD /* HRPushServer.appex */;
			productType = "com.apple.product-type.app-extension";
		};
		E8410B8821CD4F9000849FDD /* HRPushContent */ = {
			isa = PBXNativeTarget;
			buildConfigurationList = E8410B9721CD4F9000849FDD /* Build configuration list for PBXNativeTarget "HRPushContent" */;
			buildPhases = (
				E8410B8521CD4F9000849FDD /* Sources */,
				E8410B8621CD4F9000849FDD /* Frameworks */,
				E8410B8721CD4F9000849FDD /* Resources */,
			);
			buildRules = (
			);
			dependencies = (
			);
			name = HRPushContent;
			productName = HRPushContent;
			productReference = E8410B8921CD4F9000849FDD /* HRPushContent.appex */;
			productType = "com.apple.product-type.app-extension";
		};
		E847617421AFFDD80055E10C /* HR */ = {
			isa = PBXNativeTarget;
			buildConfigurationList = E84761A021AFFDDC0055E10C /* Build configuration list for PBXNativeTarget "HR" */;
			buildPhases = (
				A0792DAF8394A9ECA21AED9B /* [CP] Check Pods Manifest.lock */,
				E847617121AFFDD80055E10C /* Sources */,
				E847617221AFFDD80055E10C /* Frameworks */,
				E847617321AFFDD80055E10C /* Resources */,
				8B24E5A1FB6926ABA5C938E1 /* [CP] Embed Pods Frameworks */,
				E8410B8421CD4F5B00849FDD /* Embed App Extensions */,
			);
			buildRules = (
			);
			dependencies = (
				E8410B7F21CD4F5B00849FDD /* PBXTargetDependency */,
				E8410B9521CD4F9000849FDD /* PBXTargetDependency */,
			);
			name = HR;
			productName = HR;
			productReference = E847617521AFFDD80055E10C /* HR.app */;
			productType = "com.apple.product-type.application";
		};
		E847618B21AFFDDC0055E10C /* HRTests */ = {
			isa = PBXNativeTarget;
			buildConfigurationList = E84761A321AFFDDC0055E10C /* Build configuration list for PBXNativeTarget "HRTests" */;
			buildPhases = (
				FE32A53D18620403470B60DE /* [CP] Check Pods Manifest.lock */,
				E847618821AFFDDC0055E10C /* Sources */,
				E847618921AFFDDC0055E10C /* Frameworks */,
				E847618A21AFFDDC0055E10C /* Resources */,
			);
			buildRules = (
			);
			dependencies = (
				E847618E21AFFDDC0055E10C /* PBXTargetDependency */,
			);
			name = HRTests;
			productName = HRTests;
			productReference = E847618C21AFFDDC0055E10C /* HRTests.xctest */;
			productType = "com.apple.product-type.bundle.unit-test";
		};
		E847619621AFFDDC0055E10C /* HRUITests */ = {
			isa = PBXNativeTarget;
			buildConfigurationList = E84761A621AFFDDC0055E10C /* Build configuration list for PBXNativeTarget "HRUITests" */;
			buildPhases = (
				9A3A00C865AC4C49644C8E61 /* [CP] Check Pods Manifest.lock */,
				E847619321AFFDDC0055E10C /* Sources */,
				E847619421AFFDDC0055E10C /* Frameworks */,
				E847619521AFFDDC0055E10C /* Resources */,
			);
			buildRules = (
			);
			dependencies = (
				E847619921AFFDDC0055E10C /* PBXTargetDependency */,
			);
			name = HRUITests;
			productName = HRUITests;
			productReference = E847619721AFFDDC0055E10C /* HRUITests.xctest */;
			productType = "com.apple.product-type.bundle.ui-testing";
		};
/* End PBXNativeTarget section */

/* Begin PBXProject section */
		E847616D21AFFDD80055E10C /* Project object */ = {
			isa = PBXProject;
			attributes = {
				LastSwiftUpdateCheck = 1010;
				LastUpgradeCheck = 1010;
				ORGANIZATIONNAME = lipeng;
				TargetAttributes = {
					E8410B7721CD4F5B00849FDD = {
						CreatedOnToolsVersion = 10.1;
					};
					E8410B8821CD4F9000849FDD = {
						CreatedOnToolsVersion = 10.1;
					};
					E847617421AFFDD80055E10C = {
						CreatedOnToolsVersion = 10.1;
						SystemCapabilities = {
							com.apple.BackgroundModes = {
								enabled = 1;
							};
							com.apple.Push = {
								enabled = 1;
							};
						};
					};
					E847618B21AFFDDC0055E10C = {
						CreatedOnToolsVersion = 10.1;
						TestTargetID = E847617421AFFDD80055E10C;
					};
					E847619621AFFDDC0055E10C = {
						CreatedOnToolsVersion = 10.1;
						TestTargetID = E847617421AFFDD80055E10C;
					};
				};
			};
			buildConfigurationList = E847617021AFFDD80055E10C /* Build configuration list for PBXProject "HR" */;
			compatibilityVersion = "Xcode 9.3";
			developmentRegion = en;
			hasScannedForEncodings = 0;
			knownRegions = (
				en,
				Base,
			);
			mainGroup = E847616C21AFFDD80055E10C;
			productRefGroup = E847617621AFFDD80055E10C /* Products */;
			projectDirPath = "";
			projectRoot = "";
			targets = (
				E847617421AFFDD80055E10C /* HR */,
				E847618B21AFFDDC0055E10C /* HRTests */,
				E847619621AFFDDC0055E10C /* HRUITests */,
				E8410B7721CD4F5B00849FDD /* HRPushServer */,
				E8410B8821CD4F9000849FDD /* HRPushContent */,
			);
		};
/* End PBXProject section */

/* Begin PBXResourcesBuildPhase section */
		E8410B7621CD4F5B00849FDD /* Resources */ = {
			isa = PBXResourcesBuildPhase;
			buildActionMask = 2147483647;
			files = (
			);
			runOnlyForDeploymentPostprocessing = 0;
		};
		E8410B8721CD4F9000849FDD /* Resources */ = {
			isa = PBXResourcesBuildPhase;
			buildActionMask = 2147483647;
			files = (
				E8410B9221CD4F9000849FDD /* MainInterface.storyboard in Resources */,
			);
			runOnlyForDeploymentPostprocessing = 0;
		};
		E847617321AFFDD80055E10C /* Resources */ = {
			isa = PBXResourcesBuildPhase;
			buildActionMask = 2147483647;
			files = (
				E847618621AFFDDC0055E10C /* LaunchScreen.storyboard in Resources */,
				E847618321AFFDDC0055E10C /* Assets.xcassets in Resources */,
				E847617E21AFFDD80055E10C /* Main.storyboard in Resources */,
			);
			runOnlyForDeploymentPostprocessing = 0;
		};
		E847618A21AFFDDC0055E10C /* Resources */ = {
			isa = PBXResourcesBuildPhase;
			buildActionMask = 2147483647;
			files = (
			);
			runOnlyForDeploymentPostprocessing = 0;
		};
		E847619521AFFDDC0055E10C /* Resources */ = {
			isa = PBXResourcesBuildPhase;
			buildActionMask = 2147483647;
			files = (
			);
			runOnlyForDeploymentPostprocessing = 0;
		};
/* End PBXResourcesBuildPhase section */

/* Begin PBXShellScriptBuildPhase section */
		8B24E5A1FB6926ABA5C938E1 /* [CP] Embed Pods Frameworks */ = {
			isa = PBXShellScriptBuildPhase;
			buildActionMask = 2147483647;
			files = (
			);
			inputPaths = (
				"${SRCROOT}/Pods/Target Support Files/Pods-HR/Pods-HR-frameworks.sh",
				"${BUILT_PRODUCTS_DIR}/Alamofire/Alamofire.framework",
				"${BUILT_PRODUCTS_DIR}/FontAwesomeKit/FontAwesomeKit.framework",
				"${BUILT_PRODUCTS_DIR}/Kingfisher/Kingfisher.framework",
				"${BUILT_PRODUCTS_DIR}/Localize-Swift/Localize_Swift.framework",
				"${BUILT_PRODUCTS_DIR}/Log/Log.framework",
				"${BUILT_PRODUCTS_DIR}/MJRefresh/MJRefresh.framework",
				"${BUILT_PRODUCTS_DIR}/Moya/Moya.framework",
				"${BUILT_PRODUCTS_DIR}/Result/Result.framework",
				"${BUILT_PRODUCTS_DIR}/Reusable/Reusable.framework",
				"${BUILT_PRODUCTS_DIR}/RxAtomic/RxAtomic.framework",
				"${BUILT_PRODUCTS_DIR}/RxCocoa/RxCocoa.framework",
				"${BUILT_PRODUCTS_DIR}/RxSwift/RxSwift.framework",
				"${BUILT_PRODUCTS_DIR}/SDWebImage/SDWebImage.framework",
				"${BUILT_PRODUCTS_DIR}/SVProgressHUD/SVProgressHUD.framework",
				"${BUILT_PRODUCTS_DIR}/SnapKit/SnapKit.framework",
			);
			name = "[CP] Embed Pods Frameworks";
			outputPaths = (
				"${TARGET_BUILD_DIR}/${FRAMEWORKS_FOLDER_PATH}/Alamofire.framework",
				"${TARGET_BUILD_DIR}/${FRAMEWORKS_FOLDER_PATH}/FontAwesomeKit.framework",
				"${TARGET_BUILD_DIR}/${FRAMEWORKS_FOLDER_PATH}/Kingfisher.framework",
				"${TARGET_BUILD_DIR}/${FRAMEWORKS_FOLDER_PATH}/Localize_Swift.framework",
				"${TARGET_BUILD_DIR}/${FRAMEWORKS_FOLDER_PATH}/Log.framework",
				"${TARGET_BUILD_DIR}/${FRAMEWORKS_FOLDER_PATH}/MJRefresh.framework",
				"${TARGET_BUILD_DIR}/${FRAMEWORKS_FOLDER_PATH}/Moya.framework",
				"${TARGET_BUILD_DIR}/${FRAMEWORKS_FOLDER_PATH}/Result.framework",
				"${TARGET_BUILD_DIR}/${FRAMEWORKS_FOLDER_PATH}/Reusable.framework",
				"${TARGET_BUILD_DIR}/${FRAMEWORKS_FOLDER_PATH}/RxAtomic.framework",
				"${TARGET_BUILD_DIR}/${FRAMEWORKS_FOLDER_PATH}/RxCocoa.framework",
				"${TARGET_BUILD_DIR}/${FRAMEWORKS_FOLDER_PATH}/RxSwift.framework",
				"${TARGET_BUILD_DIR}/${FRAMEWORKS_FOLDER_PATH}/SDWebImage.framework",
				"${TARGET_BUILD_DIR}/${FRAMEWORKS_FOLDER_PATH}/SVProgressHUD.framework",
				"${TARGET_BUILD_DIR}/${FRAMEWORKS_FOLDER_PATH}/SnapKit.framework",
			);
			runOnlyForDeploymentPostprocessing = 0;
			shellPath = /bin/sh;
			shellScript = "\"${SRCROOT}/Pods/Target Support Files/Pods-HR/Pods-HR-frameworks.sh\"\n";
			showEnvVarsInLog = 0;
		};
		9A3A00C865AC4C49644C8E61 /* [CP] Check Pods Manifest.lock */ = {
			isa = PBXShellScriptBuildPhase;
			buildActionMask = 2147483647;
			files = (
			);
			inputPaths = (
				"${PODS_PODFILE_DIR_PATH}/Podfile.lock",
				"${PODS_ROOT}/Manifest.lock",
			);
			name = "[CP] Check Pods Manifest.lock";
			outputPaths = (
				"$(DERIVED_FILE_DIR)/Pods-HRUITests-checkManifestLockResult.txt",
			);
			runOnlyForDeploymentPostprocessing = 0;
			shellPath = /bin/sh;
			shellScript = "diff \"${PODS_PODFILE_DIR_PATH}/Podfile.lock\" \"${PODS_ROOT}/Manifest.lock\" > /dev/null\nif [ $? != 0 ] ; then\n    # print error to STDERR\n    echo \"error: The sandbox is not in sync with the Podfile.lock. Run 'pod install' or update your CocoaPods installation.\" >&2\n    exit 1\nfi\n# This output is used by Xcode 'outputs' to avoid re-running this script phase.\necho \"SUCCESS\" > \"${SCRIPT_OUTPUT_FILE_0}\"\n";
			showEnvVarsInLog = 0;
		};
		A0792DAF8394A9ECA21AED9B /* [CP] Check Pods Manifest.lock */ = {
			isa = PBXShellScriptBuildPhase;
			buildActionMask = 2147483647;
			files = (
			);
			inputPaths = (
				"${PODS_PODFILE_DIR_PATH}/Podfile.lock",
				"${PODS_ROOT}/Manifest.lock",
			);
			name = "[CP] Check Pods Manifest.lock";
			outputPaths = (
				"$(DERIVED_FILE_DIR)/Pods-HR-checkManifestLockResult.txt",
			);
			runOnlyForDeploymentPostprocessing = 0;
			shellPath = /bin/sh;
			shellScript = "diff \"${PODS_PODFILE_DIR_PATH}/Podfile.lock\" \"${PODS_ROOT}/Manifest.lock\" > /dev/null\nif [ $? != 0 ] ; then\n    # print error to STDERR\n    echo \"error: The sandbox is not in sync with the Podfile.lock. Run 'pod install' or update your CocoaPods installation.\" >&2\n    exit 1\nfi\n# This output is used by Xcode 'outputs' to avoid re-running this script phase.\necho \"SUCCESS\" > \"${SCRIPT_OUTPUT_FILE_0}\"\n";
			showEnvVarsInLog = 0;
		};
		FE32A53D18620403470B60DE /* [CP] Check Pods Manifest.lock */ = {
			isa = PBXShellScriptBuildPhase;
			buildActionMask = 2147483647;
			files = (
			);
			inputPaths = (
				"${PODS_PODFILE_DIR_PATH}/Podfile.lock",
				"${PODS_ROOT}/Manifest.lock",
			);
			name = "[CP] Check Pods Manifest.lock";
			outputPaths = (
				"$(DERIVED_FILE_DIR)/Pods-HRTests-checkManifestLockResult.txt",
			);
			runOnlyForDeploymentPostprocessing = 0;
			shellPath = /bin/sh;
			shellScript = "diff \"${PODS_PODFILE_DIR_PATH}/Podfile.lock\" \"${PODS_ROOT}/Manifest.lock\" > /dev/null\nif [ $? != 0 ] ; then\n    # print error to STDERR\n    echo \"error: The sandbox is not in sync with the Podfile.lock. Run 'pod install' or update your CocoaPods installation.\" >&2\n    exit 1\nfi\n# This output is used by Xcode 'outputs' to avoid re-running this script phase.\necho \"SUCCESS\" > \"${SCRIPT_OUTPUT_FILE_0}\"\n";
			showEnvVarsInLog = 0;
		};
/* End PBXShellScriptBuildPhase section */

/* Begin PBXSourcesBuildPhase section */
		E8410B7421CD4F5B00849FDD /* Sources */ = {
			isa = PBXSourcesBuildPhase;
			buildActionMask = 2147483647;
			files = (
				E8410B7C21CD4F5B00849FDD /* NotificationService.m in Sources */,
			);
			runOnlyForDeploymentPostprocessing = 0;
		};
		E8410B8521CD4F9000849FDD /* Sources */ = {
			isa = PBXSourcesBuildPhase;
			buildActionMask = 2147483647;
			files = (
				E8410B8F21CD4F9000849FDD /* NotificationViewController.m in Sources */,
			);
			runOnlyForDeploymentPostprocessing = 0;
		};
		E847617121AFFDD80055E10C /* Sources */ = {
			isa = PBXSourcesBuildPhase;
			buildActionMask = 2147483647;
			files = (
				E843AB8121B501A100581767 /* Subjects.swift in Sources */,
				E843AB7E21B4FAAE00581767 /* StudentDetail.swift in Sources */,
				E8410B2621C65F9B00849FDD /* HRServerPushManage.swift in Sources */,
				E847617B21AFFDD80055E10C /* ViewController.swift in Sources */,
				E8410B7321CD4EB900849FDD /* HRServerPushActions.swift in Sources */,
				E8424B8A21CE97670022FF07 /* HRMainViewController.swift in Sources */,
				E8410B7121CD4DF300849FDD /* HRServerPushModels.swift in Sources */,
				E843AB8421B50C5800581767 /* Extension.swift in Sources */,
				E847618121AFFDD80055E10C /* HR.xcdatamodeld in Sources */,
				E847617921AFFDD80055E10C /* AppDelegate.swift in Sources */,
			);
			runOnlyForDeploymentPostprocessing = 0;
		};
		E847618821AFFDDC0055E10C /* Sources */ = {
			isa = PBXSourcesBuildPhase;
			buildActionMask = 2147483647;
			files = (
				E847619121AFFDDC0055E10C /* HRTests.swift in Sources */,
			);
			runOnlyForDeploymentPostprocessing = 0;
		};
		E847619321AFFDDC0055E10C /* Sources */ = {
			isa = PBXSourcesBuildPhase;
			buildActionMask = 2147483647;
			files = (
				E847619C21AFFDDC0055E10C /* HRUITests.swift in Sources */,
			);
			runOnlyForDeploymentPostprocessing = 0;
		};
/* End PBXSourcesBuildPhase section */

/* Begin PBXTargetDependency section */
		E8410B7F21CD4F5B00849FDD /* PBXTargetDependency */ = {
			isa = PBXTargetDependency;
			target = E8410B7721CD4F5B00849FDD /* HRPushServer */;
			targetProxy = E8410B7E21CD4F5B00849FDD /* PBXContainerItemProxy */;
		};
		E8410B9521CD4F9000849FDD /* PBXTargetDependency */ = {
			isa = PBXTargetDependency;
			target = E8410B8821CD4F9000849FDD /* HRPushContent */;
			targetProxy = E8410B9421CD4F9000849FDD /* PBXContainerItemProxy */;
		};
		E847618E21AFFDDC0055E10C /* PBXTargetDependency */ = {
			isa = PBXTargetDependency;
			target = E847617421AFFDD80055E10C /* HR */;
			targetProxy = E847618D21AFFDDC0055E10C /* PBXContainerItemProxy */;
		};
		E847619921AFFDDC0055E10C /* PBXTargetDependency */ = {
			isa = PBXTargetDependency;
			target = E847617421AFFDD80055E10C /* HR */;
			targetProxy = E847619821AFFDDC0055E10C /* PBXContainerItemProxy */;
		};
/* End PBXTargetDependency section */

/* Begin PBXVariantGroup section */
		E8410B9021CD4F9000849FDD /* MainInterface.storyboard */ = {
			isa = PBXVariantGroup;
			children = (
				E8410B9121CD4F9000849FDD /* Base */,
			);
			name = MainInterface.storyboard;
			sourceTree = "<group>";
		};
		E847617C21AFFDD80055E10C /* Main.storyboard */ = {
			isa = PBXVariantGroup;
			children = (
				E847617D21AFFDD80055E10C /* Base */,
			);
			name = Main.storyboard;
			sourceTree = "<group>";
		};
		E847618421AFFDDC0055E10C /* LaunchScreen.storyboard */ = {
			isa = PBXVariantGroup;
			children = (
				E847618521AFFDDC0055E10C /* Base */,
			);
			name = LaunchScreen.storyboard;
			sourceTree = "<group>";
		};
/* End PBXVariantGroup section */

/* Begin XCBuildConfiguration section */
		E8410B8221CD4F5B00849FDD /* Debug */ = {
			isa = XCBuildConfiguration;
			buildSettings = {
				CODE_SIGN_IDENTITY = "iPhone Developer";
				CODE_SIGN_STYLE = Automatic;
				DEVELOPMENT_TEAM = 9N24P72S89;
				INFOPLIST_FILE = HRPushServer/Info.plist;
				IPHONEOS_DEPLOYMENT_TARGET = 8.0;
				LD_RUNPATH_SEARCH_PATHS = (
					"$(inherited)",
					"@executable_path/Frameworks",
					"@executable_path/../../Frameworks",
				);
				PRODUCT_BUNDLE_IDENTIFIER = com.pengsheng.hr.HRPushServer;
				PRODUCT_NAME = "$(TARGET_NAME)";
				PROVISIONING_PROFILE_SPECIFIER = "";
				SKIP_INSTALL = YES;
				TARGETED_DEVICE_FAMILY = "1,2";
			};
			name = Debug;
		};
		E8410B8321CD4F5B00849FDD /* Release */ = {
			isa = XCBuildConfiguration;
			buildSettings = {
				CODE_SIGN_IDENTITY = "iPhone Developer";
				CODE_SIGN_STYLE = Automatic;
				DEVELOPMENT_TEAM = 9N24P72S89;
				INFOPLIST_FILE = HRPushServer/Info.plist;
				IPHONEOS_DEPLOYMENT_TARGET = 8.0;
				LD_RUNPATH_SEARCH_PATHS = (
					"$(inherited)",
					"@executable_path/Frameworks",
					"@executable_path/../../Frameworks",
				);
				PRODUCT_BUNDLE_IDENTIFIER = com.pengsheng.hr.HRPushServer;
				PRODUCT_NAME = "$(TARGET_NAME)";
				PROVISIONING_PROFILE_SPECIFIER = "";
				SKIP_INSTALL = YES;
				TARGETED_DEVICE_FAMILY = "1,2";
			};
			name = Release;
		};
		E8410B9821CD4F9000849FDD /* Debug */ = {
			isa = XCBuildConfiguration;
			buildSettings = {
				CODE_SIGN_IDENTITY = "iPhone Developer";
				CODE_SIGN_STYLE = Automatic;
				DEVELOPMENT_TEAM = 9N24P72S89;
				INFOPLIST_FILE = HRPushContent/Info.plist;
				IPHONEOS_DEPLOYMENT_TARGET = 8.0;
				LD_RUNPATH_SEARCH_PATHS = (
					"$(inherited)",
					"@executable_path/Frameworks",
					"@executable_path/../../Frameworks",
				);
				PRODUCT_BUNDLE_IDENTIFIER = com.pengsheng.hr.HRPushContent;
				PRODUCT_NAME = "$(TARGET_NAME)";
				PROVISIONING_PROFILE_SPECIFIER = "";
				SKIP_INSTALL = YES;
				TARGETED_DEVICE_FAMILY = "1,2";
			};
			name = Debug;
		};
		E8410B9921CD4F9000849FDD /* Release */ = {
			isa = XCBuildConfiguration;
			buildSettings = {
				CODE_SIGN_IDENTITY = "iPhone Developer";
				CODE_SIGN_STYLE = Automatic;
				DEVELOPMENT_TEAM = 9N24P72S89;
				INFOPLIST_FILE = HRPushContent/Info.plist;
				IPHONEOS_DEPLOYMENT_TARGET = 8.0;
				LD_RUNPATH_SEARCH_PATHS = (
					"$(inherited)",
					"@executable_path/Frameworks",
					"@executable_path/../../Frameworks",
				);
				PRODUCT_BUNDLE_IDENTIFIER = com.pengsheng.hr.HRPushContent;
				PRODUCT_NAME = "$(TARGET_NAME)";
				PROVISIONING_PROFILE_SPECIFIER = "";
				SKIP_INSTALL = YES;
				TARGETED_DEVICE_FAMILY = "1,2";
			};
			name = Release;
		};
		E847619E21AFFDDC0055E10C /* Debug */ = {
			isa = XCBuildConfiguration;
			buildSettings = {
				ALWAYS_SEARCH_USER_PATHS = NO;
				CLANG_ANALYZER_NONNULL = YES;
				CLANG_ANALYZER_NUMBER_OBJECT_CONVERSION = YES_AGGRESSIVE;
				CLANG_CXX_LANGUAGE_STANDARD = "gnu++14";
				CLANG_CXX_LIBRARY = "libc++";
				CLANG_ENABLE_MODULES = YES;
				CLANG_ENABLE_OBJC_ARC = YES;
				CLANG_ENABLE_OBJC_WEAK = YES;
				CLANG_WARN_BLOCK_CAPTURE_AUTORELEASING = YES;
				CLANG_WARN_BOOL_CONVERSION = YES;
				CLANG_WARN_COMMA = YES;
				CLANG_WARN_CONSTANT_CONVERSION = YES;
				CLANG_WARN_DEPRECATED_OBJC_IMPLEMENTATIONS = YES;
				CLANG_WARN_DIRECT_OBJC_ISA_USAGE = YES_ERROR;
				CLANG_WARN_DOCUMENTATION_COMMENTS = YES;
				CLANG_WARN_EMPTY_BODY = YES;
				CLANG_WARN_ENUM_CONVERSION = YES;
				CLANG_WARN_INFINITE_RECURSION = YES;
				CLANG_WARN_INT_CONVERSION = YES;
				CLANG_WARN_NON_LITERAL_NULL_CONVERSION = YES;
				CLANG_WARN_OBJC_IMPLICIT_RETAIN_SELF = YES;
				CLANG_WARN_OBJC_LITERAL_CONVERSION = YES;
				CLANG_WARN_OBJC_ROOT_CLASS = YES_ERROR;
				CLANG_WARN_RANGE_LOOP_ANALYSIS = YES;
				CLANG_WARN_STRICT_PROTOTYPES = YES;
				CLANG_WARN_SUSPICIOUS_MOVE = YES;
				CLANG_WARN_UNGUARDED_AVAILABILITY = YES_AGGRESSIVE;
				CLANG_WARN_UNREACHABLE_CODE = YES;
				CLANG_WARN__DUPLICATE_METHOD_MATCH = YES;
				CODE_SIGN_IDENTITY = "iPhone Developer";
				COPY_PHASE_STRIP = NO;
				DEBUG_INFORMATION_FORMAT = dwarf;
				ENABLE_STRICT_OBJC_MSGSEND = YES;
				ENABLE_TESTABILITY = YES;
				GCC_C_LANGUAGE_STANDARD = gnu11;
				GCC_DYNAMIC_NO_PIC = NO;
				GCC_NO_COMMON_BLOCKS = YES;
				GCC_OPTIMIZATION_LEVEL = 0;
				GCC_PREPROCESSOR_DEFINITIONS = (
					"DEBUG=1",
					"$(inherited)",
				);
				GCC_WARN_64_TO_32_BIT_CONVERSION = YES;
				GCC_WARN_ABOUT_RETURN_TYPE = YES_ERROR;
				GCC_WARN_UNDECLARED_SELECTOR = YES;
				GCC_WARN_UNINITIALIZED_AUTOS = YES_AGGRESSIVE;
				GCC_WARN_UNUSED_FUNCTION = YES;
				GCC_WARN_UNUSED_VARIABLE = YES;
				IPHONEOS_DEPLOYMENT_TARGET = 12.1;
				MTL_ENABLE_DEBUG_INFO = INCLUDE_SOURCE;
				MTL_FAST_MATH = YES;
				ONLY_ACTIVE_ARCH = YES;
				SDKROOT = iphoneos;
				SWIFT_ACTIVE_COMPILATION_CONDITIONS = DEBUG;
				SWIFT_OPTIMIZATION_LEVEL = "-Onone";
			};
			name = Debug;
		};
		E847619F21AFFDDC0055E10C /* Release */ = {
			isa = XCBuildConfiguration;
			buildSettings = {
				ALWAYS_SEARCH_USER_PATHS = NO;
				CLANG_ANALYZER_NONNULL = YES;
				CLANG_ANALYZER_NUMBER_OBJECT_CONVERSION = YES_AGGRESSIVE;
				CLANG_CXX_LANGUAGE_STANDARD = "gnu++14";
				CLANG_CXX_LIBRARY = "libc++";
				CLANG_ENABLE_MODULES = YES;
				CLANG_ENABLE_OBJC_ARC = YES;
				CLANG_ENABLE_OBJC_WEAK = YES;
				CLANG_WARN_BLOCK_CAPTURE_AUTORELEASING = YES;
				CLANG_WARN_BOOL_CONVERSION = YES;
				CLANG_WARN_COMMA = YES;
				CLANG_WARN_CONSTANT_CONVERSION = YES;
				CLANG_WARN_DEPRECATED_OBJC_IMPLEMENTATIONS = YES;
				CLANG_WARN_DIRECT_OBJC_ISA_USAGE = YES_ERROR;
				CLANG_WARN_DOCUMENTATION_COMMENTS = YES;
				CLANG_WARN_EMPTY_BODY = YES;
				CLANG_WARN_ENUM_CONVERSION = YES;
				CLANG_WARN_INFINITE_RECURSION = YES;
				CLANG_WARN_INT_CONVERSION = YES;
				CLANG_WARN_NON_LITERAL_NULL_CONVERSION = YES;
				CLANG_WARN_OBJC_IMPLICIT_RETAIN_SELF = YES;
				CLANG_WARN_OBJC_LITERAL_CONVERSION = YES;
				CLANG_WARN_OBJC_ROOT_CLASS = YES_ERROR;
				CLANG_WARN_RANGE_LOOP_ANALYSIS = YES;
				CLANG_WARN_STRICT_PROTOTYPES = YES;
				CLANG_WARN_SUSPICIOUS_MOVE = YES;
				CLANG_WARN_UNGUARDED_AVAILABILITY = YES_AGGRESSIVE;
				CLANG_WARN_UNREACHABLE_CODE = YES;
				CLANG_WARN__DUPLICATE_METHOD_MATCH = YES;
				CODE_SIGN_IDENTITY = "iPhone Developer";
				COPY_PHASE_STRIP = NO;
				DEBUG_INFORMATION_FORMAT = "dwarf-with-dsym";
				ENABLE_NS_ASSERTIONS = NO;
				ENABLE_STRICT_OBJC_MSGSEND = YES;
				GCC_C_LANGUAGE_STANDARD = gnu11;
				GCC_NO_COMMON_BLOCKS = YES;
				GCC_WARN_64_TO_32_BIT_CONVERSION = YES;
				GCC_WARN_ABOUT_RETURN_TYPE = YES_ERROR;
				GCC_WARN_UNDECLARED_SELECTOR = YES;
				GCC_WARN_UNINITIALIZED_AUTOS = YES_AGGRESSIVE;
				GCC_WARN_UNUSED_FUNCTION = YES;
				GCC_WARN_UNUSED_VARIABLE = YES;
				IPHONEOS_DEPLOYMENT_TARGET = 12.1;
				MTL_ENABLE_DEBUG_INFO = NO;
				MTL_FAST_MATH = YES;
				SDKROOT = iphoneos;
				SWIFT_COMPILATION_MODE = wholemodule;
				SWIFT_OPTIMIZATION_LEVEL = "-O";
				VALIDATE_PRODUCT = YES;
			};
			name = Release;
		};
		E84761A121AFFDDC0055E10C /* Debug */ = {
			isa = XCBuildConfiguration;
			baseConfigurationReference = E82350B59251A0A0C3B365AC /* Pods-HR.debug.xcconfig */;
			buildSettings = {
				ASSETCATALOG_COMPILER_APPICON_NAME = AppIcon;
				CODE_SIGN_ENTITLEMENTS = HR/HR.entitlements;
				CODE_SIGN_IDENTITY = "iPhone Developer";
				CODE_SIGN_INJECT_BASE_ENTITLEMENTS = YES;
				CODE_SIGN_STYLE = Automatic;
				DEVELOPMENT_TEAM = 9N24P72S89;
				ENABLE_BITCODE = NO;
				INFOPLIST_FILE = HR/Info.plist;
				IPHONEOS_DEPLOYMENT_TARGET = 8.0;
				LD_RUNPATH_SEARCH_PATHS = (
					"$(inherited)",
					"@executable_path/Frameworks",
				);
				PRODUCT_BUNDLE_IDENTIFIER = com.pengsheng.hr;
				PRODUCT_NAME = "$(TARGET_NAME)";
				PROVISIONING_PROFILE_SPECIFIER = "";
				SWIFT_ENABLE_BATCH_MODE = NO;
				SWIFT_VERSION = 4.2;
				TARGETED_DEVICE_FAMILY = 1;
			};
			name = Debug;
		};
		E84761A221AFFDDC0055E10C /* Release */ = {
			isa = XCBuildConfiguration;
			baseConfigurationReference = CBA91BC19264CAE4FA31C533 /* Pods-HR.release.xcconfig */;
			buildSettings = {
				ASSETCATALOG_COMPILER_APPICON_NAME = AppIcon;
				CODE_SIGN_ENTITLEMENTS = HR/HR.entitlements;
				CODE_SIGN_IDENTITY = "iPhone Developer";
				CODE_SIGN_INJECT_BASE_ENTITLEMENTS = YES;
				CODE_SIGN_STYLE = Automatic;
				DEVELOPMENT_TEAM = 9N24P72S89;
				ENABLE_BITCODE = NO;
				INFOPLIST_FILE = HR/Info.plist;
				IPHONEOS_DEPLOYMENT_TARGET = 8.0;
				LD_RUNPATH_SEARCH_PATHS = (
					"$(inherited)",
					"@executable_path/Frameworks",
				);
				PRODUCT_BUNDLE_IDENTIFIER = com.pengsheng.hr;
				PRODUCT_NAME = "$(TARGET_NAME)";
				PROVISIONING_PROFILE_SPECIFIER = "";
				SWIFT_ENABLE_BATCH_MODE = NO;
				SWIFT_VERSION = 4.2;
				TARGETED_DEVICE_FAMILY = 1;
			};
			name = Release;
		};
		E84761A421AFFDDC0055E10C /* Debug */ = {
			isa = XCBuildConfiguration;
			baseConfigurationReference = CE03C1161BBCDF96FD766626 /* Pods-HRTests.debug.xcconfig */;
			buildSettings = {
				ALWAYS_EMBED_SWIFT_STANDARD_LIBRARIES = YES;
				BUNDLE_LOADER = "$(TEST_HOST)";
				CODE_SIGN_STYLE = Automatic;
				DEVELOPMENT_TEAM = 9N24P72S89;
				INFOPLIST_FILE = HRTests/Info.plist;
				LD_RUNPATH_SEARCH_PATHS = (
					"$(inherited)",
					"@executable_path/Frameworks",
					"@loader_path/Frameworks",
				);
				PRODUCT_BUNDLE_IDENTIFIER = com.pengsheng.HRTests;
				PRODUCT_NAME = "$(TARGET_NAME)";
				SWIFT_VERSION = 4.2;
				TARGETED_DEVICE_FAMILY = "1,2";
				TEST_HOST = "$(BUILT_PRODUCTS_DIR)/HR.app/HR";
			};
			name = Debug;
		};
		E84761A521AFFDDC0055E10C /* Release */ = {
			isa = XCBuildConfiguration;
			baseConfigurationReference = 34C6B66B9820CE09A55BD3CC /* Pods-HRTests.release.xcconfig */;
			buildSettings = {
				ALWAYS_EMBED_SWIFT_STANDARD_LIBRARIES = YES;
				BUNDLE_LOADER = "$(TEST_HOST)";
				CODE_SIGN_STYLE = Automatic;
				DEVELOPMENT_TEAM = 9N24P72S89;
				INFOPLIST_FILE = HRTests/Info.plist;
				LD_RUNPATH_SEARCH_PATHS = (
					"$(inherited)",
					"@executable_path/Frameworks",
					"@loader_path/Frameworks",
				);
				PRODUCT_BUNDLE_IDENTIFIER = com.pengsheng.HRTests;
				PRODUCT_NAME = "$(TARGET_NAME)";
				SWIFT_VERSION = 4.2;
				TARGETED_DEVICE_FAMILY = "1,2";
				TEST_HOST = "$(BUILT_PRODUCTS_DIR)/HR.app/HR";
			};
			name = Release;
		};
		E84761A721AFFDDC0055E10C /* Debug */ = {
			isa = XCBuildConfiguration;
			baseConfigurationReference = 72AEF10CC9A06EA385C897E5 /* Pods-HRUITests.debug.xcconfig */;
			buildSettings = {
				ALWAYS_EMBED_SWIFT_STANDARD_LIBRARIES = YES;
				CODE_SIGN_STYLE = Automatic;
				DEVELOPMENT_TEAM = 9N24P72S89;
				INFOPLIST_FILE = HRUITests/Info.plist;
				LD_RUNPATH_SEARCH_PATHS = (
					"$(inherited)",
					"@executable_path/Frameworks",
					"@loader_path/Frameworks",
				);
				PRODUCT_BUNDLE_IDENTIFIER = com.pengsheng.HRUITests;
				PRODUCT_NAME = "$(TARGET_NAME)";
				SWIFT_VERSION = 4.2;
				TARGETED_DEVICE_FAMILY = "1,2";
				TEST_TARGET_NAME = HR;
			};
			name = Debug;
		};
		E84761A821AFFDDC0055E10C /* Release */ = {
			isa = XCBuildConfiguration;
			baseConfigurationReference = 0D98DAF08ECB923BCE7D5536 /* Pods-HRUITests.release.xcconfig */;
			buildSettings = {
				ALWAYS_EMBED_SWIFT_STANDARD_LIBRARIES = YES;
				CODE_SIGN_STYLE = Automatic;
				DEVELOPMENT_TEAM = 9N24P72S89;
				INFOPLIST_FILE = HRUITests/Info.plist;
				LD_RUNPATH_SEARCH_PATHS = (
					"$(inherited)",
					"@executable_path/Frameworks",
					"@loader_path/Frameworks",
				);
				PRODUCT_BUNDLE_IDENTIFIER = com.pengsheng.HRUITests;
				PRODUCT_NAME = "$(TARGET_NAME)";
				SWIFT_VERSION = 4.2;
				TARGETED_DEVICE_FAMILY = "1,2";
				TEST_TARGET_NAME = HR;
			};
			name = Release;
		};
/* End XCBuildConfiguration section */

/* Begin XCConfigurationList section */
		E8410B8121CD4F5B00849FDD /* Build configuration list for PBXNativeTarget "HRPushServer" */ = {
			isa = XCConfigurationList;
			buildConfigurations = (
				E8410B8221CD4F5B00849FDD /* Debug */,
				E8410B8321CD4F5B00849FDD /* Release */,
			);
			defaultConfigurationIsVisible = 0;
			defaultConfigurationName = Release;
		};
		E8410B9721CD4F9000849FDD /* Build configuration list for PBXNativeTarget "HRPushContent" */ = {
			isa = XCConfigurationList;
			buildConfigurations = (
				E8410B9821CD4F9000849FDD /* Debug */,
				E8410B9921CD4F9000849FDD /* Release */,
			);
			defaultConfigurationIsVisible = 0;
			defaultConfigurationName = Release;
		};
		E847617021AFFDD80055E10C /* Build configuration list for PBXProject "HR" */ = {
			isa = XCConfigurationList;
			buildConfigurations = (
				E847619E21AFFDDC0055E10C /* Debug */,
				E847619F21AFFDDC0055E10C /* Release */,
			);
			defaultConfigurationIsVisible = 0;
			defaultConfigurationName = Release;
		};
		E84761A021AFFDDC0055E10C /* Build configuration list for PBXNativeTarget "HR" */ = {
			isa = XCConfigurationList;
			buildConfigurations = (
				E84761A121AFFDDC0055E10C /* Debug */,
				E84761A221AFFDDC0055E10C /* Release */,
			);
			defaultConfigurationIsVisible = 0;
			defaultConfigurationName = Release;
		};
		E84761A321AFFDDC0055E10C /* Build configuration list for PBXNativeTarget "HRTests" */ = {
			isa = XCConfigurationList;
			buildConfigurations = (
				E84761A421AFFDDC0055E10C /* Debug */,
				E84761A521AFFDDC0055E10C /* Release */,
			);
			defaultConfigurationIsVisible = 0;
			defaultConfigurationName = Release;
		};
		E84761A621AFFDDC0055E10C /* Build configuration list for PBXNativeTarget "HRUITests" */ = {
			isa = XCConfigurationList;
			buildConfigurations = (
				E84761A721AFFDDC0055E10C /* Debug */,
				E84761A821AFFDDC0055E10C /* Release */,
			);
			defaultConfigurationIsVisible = 0;
			defaultConfigurationName = Release;
		};
/* End XCConfigurationList section */

/* Begin XCVersionGroup section */
		E847617F21AFFDD80055E10C /* HR.xcdatamodeld */ = {
			isa = XCVersionGroup;
			children = (
				E847618021AFFDD80055E10C /* HR.xcdatamodel */,
			);
			currentVersion = E847618021AFFDD80055E10C /* HR.xcdatamodel */;
			path = HR.xcdatamodeld;
			sourceTree = "<group>";
			versionGroupType = wrapper.xcdatamodel;
		};
/* End XCVersionGroup section */
	};
	rootObject = E847616D21AFFDD80055E10C /* Project object */;
}
